// !$*UTF8*$!
{
	archiveVersion = 1;
	classes = {
	};
	objectVersion = 46;
	objects = {

/* Begin PBXBuildFile section */
		3BA17D3E1946E5A600127DAD /* main.m in Sources */ = {isa = PBXBuildFile; fileRef = 3BA17D3D1946E5A600127DAD /* main.m */; };
		3BA17D411946E5A600127DAD /* AppDelegate.m in Sources */ = {isa = PBXBuildFile; fileRef = 3BA17D401946E5A600127DAD /* AppDelegate.m */; };
		3BA17D441946E5A600127DAD /* ViewController.m in Sources */ = {isa = PBXBuildFile; fileRef = 3BA17D431946E5A600127DAD /* ViewController.m */; };
		3BA17D471946E5A600127DAD /* Main.storyboard in Resources */ = {isa = PBXBuildFile; fileRef = 3BA17D451946E5A600127DAD /* Main.storyboard */; };
		3BA17D491946E5A600127DAD /* Images.xcassets in Resources */ = {isa = PBXBuildFile; fileRef = 3BA17D481946E5A600127DAD /* Images.xcassets */; };
		3BA17D551946E5A600127DAD /* Swing_LocalTests.m in Sources */ = {isa = PBXBuildFile; fileRef = 3BA17D541946E5A600127DAD /* Swing_LocalTests.m */; };
		3BA17D5F1946ECFF00127DAD /* MapKit.framework in Frameworks */ = {isa = PBXBuildFile; fileRef = 3BA17D5E1946ECFF00127DAD /* MapKit.framework */; };
/* End PBXBuildFile section */

/* Begin PBXContainerItemProxy section */
		3BA17D4F1946E5A600127DAD /* PBXContainerItemProxy */ = {
			isa = PBXContainerItemProxy;
			containerPortal = 3BA17D301946E5A600127DAD /* Project object */;
			proxyType = 1;
			remoteGlobalIDString = 3BA17D371946E5A600127DAD;
			remoteInfo = "Swing Local";
		};
/* End PBXContainerItemProxy section */

/* Begin PBXFileReference section */
		3BA17D381946E5A600127DAD /* Swing Local.app */ = {isa = PBXFileReference; explicitFileType = wrapper.application; includeInIndex = 0; path = "Swing Local.app"; sourceTree = BUILT_PRODUCTS_DIR; };
		3BA17D3C1946E5A600127DAD /* Info.plist */ = {isa = PBXFileReference; lastKnownFileType = text.plist.xml; path = Info.plist; sourceTree = "<group>"; };
		3BA17D3D1946E5A600127DAD /* main.m */ = {isa = PBXFileReference; lastKnownFileType = sourcecode.c.objc; path = main.m; sourceTree = "<group>"; };
		3BA17D3F1946E5A600127DAD /* AppDelegate.h */ = {isa = PBXFileReference; lastKnownFileType = sourcecode.c.h; path = AppDelegate.h; sourceTree = "<group>"; };
		3BA17D401946E5A600127DAD /* AppDelegate.m */ = {isa = PBXFileReference; lastKnownFileType = sourcecode.c.objc; path = AppDelegate.m; sourceTree = "<group>"; };
		3BA17D421946E5A600127DAD /* ViewController.h */ = {isa = PBXFileReference; lastKnownFileType = sourcecode.c.h; path = ViewController.h; sourceTree = "<group>"; };
		3BA17D431946E5A600127DAD /* ViewController.m */ = {isa = PBXFileReference; lastKnownFileType = sourcecode.c.objc; path = ViewController.m; sourceTree = "<group>"; };
		3BA17D461946E5A600127DAD /* Base */ = {isa = PBXFileReference; lastKnownFileType = file.storyboard; name = Base; path = Base.lproj/Main.storyboard; sourceTree = "<group>"; };
		3BA17D481946E5A600127DAD /* Images.xcassets */ = {isa = PBXFileReference; lastKnownFileType = folder.assetcatalog; path = Images.xcassets; sourceTree = "<group>"; };
		3BA17D4E1946E5A600127DAD /* Swing LocalTests.xctest */ = {isa = PBXFileReference; explicitFileType = wrapper.cfbundle; includeInIndex = 0; path = "Swing LocalTests.xctest"; sourceTree = BUILT_PRODUCTS_DIR; };
		3BA17D531946E5A600127DAD /* Info.plist */ = {isa = PBXFileReference; lastKnownFileType = text.plist.xml; path = Info.plist; sourceTree = "<group>"; };
		3BA17D541946E5A600127DAD /* Swing_LocalTests.m */ = {isa = PBXFileReference; lastKnownFileType = sourcecode.c.objc; path = Swing_LocalTests.m; sourceTree = "<group>"; };
		3BA17D5E1946ECFF00127DAD /* MapKit.framework */ = {isa = PBXFileReference; lastKnownFileType = wrapper.framework; name = MapKit.framework; path = System/Library/Frameworks/MapKit.framework; sourceTree = SDKROOT; };
/* End PBXFileReference section */

/* Begin PBXFrameworksBuildPhase section */
		3BA17D351946E5A600127DAD /* Frameworks */ = {
			isa = PBXFrameworksBuildPhase;
			buildActionMask = 2147483647;
			files = (
				3BA17D5F1946ECFF00127DAD /* MapKit.framework in Frameworks */,
			);
			runOnlyForDeploymentPostprocessing = 0;
		};
		3BA17D4B1946E5A600127DAD /* Frameworks */ = {
			isa = PBXFrameworksBuildPhase;
			buildActionMask = 2147483647;
			files = (
			);
			runOnlyForDeploymentPostprocessing = 0;
		};
/* End PBXFrameworksBuildPhase section */

/* Begin PBXGroup section */
		3BA17D2F1946E5A600127DAD = {
			isa = PBXGroup;
			children = (
				3BA17D5E1946ECFF00127DAD /* MapKit.framework */,
				3BA17D3A1946E5A600127DAD /* Swing Local */,
				3BA17D511946E5A600127DAD /* Swing LocalTests */,
				3BA17D391946E5A600127DAD /* Products */,
			);
			sourceTree = "<group>";
		};
		3BA17D391946E5A600127DAD /* Products */ = {
			isa = PBXGroup;
			children = (
				3BA17D381946E5A600127DAD /* Swing Local.app */,
				3BA17D4E1946E5A600127DAD /* Swing LocalTests.xctest */,
			);
			name = Products;
			sourceTree = "<group>";
		};
		3BA17D3A1946E5A600127DAD /* Swing Local */ = {
			isa = PBXGroup;
			children = (
				3BA17D3F1946E5A600127DAD /* AppDelegate.h */,
				3BA17D401946E5A600127DAD /* AppDelegate.m */,
				3BA17D421946E5A600127DAD /* ViewController.h */,
				3BA17D431946E5A600127DAD /* ViewController.m */,
				3BA17D451946E5A600127DAD /* Main.storyboard */,
				3BA17D481946E5A600127DAD /* Images.xcassets */,
				3BA17D3B1946E5A600127DAD /* Supporting Files */,
			);
			path = "Swing Local";
			sourceTree = "<group>";
		};
		3BA17D3B1946E5A600127DAD /* Supporting Files */ = {
			isa = PBXGroup;
			children = (
				3BA17D3C1946E5A600127DAD /* Info.plist */,
				3BA17D3D1946E5A600127DAD /* main.m */,
			);
			name = "Supporting Files";
			sourceTree = "<group>";
		};
		3BA17D511946E5A600127DAD /* Swing LocalTests */ = {
			isa = PBXGroup;
			children = (
				3BA17D541946E5A600127DAD /* Swing_LocalTests.m */,
				3BA17D521946E5A600127DAD /* Supporting Files */,
			);
			path = "Swing LocalTests";
			sourceTree = "<group>";
		};
		3BA17D521946E5A600127DAD /* Supporting Files */ = {
			isa = PBXGroup;
			children = (
				3BA17D531946E5A600127DAD /* Info.plist */,
			);
			name = "Supporting Files";
			sourceTree = "<group>";
		};
/* End PBXGroup section */

/* Begin PBXNativeTarget section */
		3BA17D371946E5A600127DAD /* Swing Local */ = {
			isa = PBXNativeTarget;
			buildConfigurationList = 3BA17D581946E5A600127DAD /* Build configuration list for PBXNativeTarget "Swing Local" */;
			buildPhases = (
				3BA17D341946E5A600127DAD /* Sources */,
				3BA17D351946E5A600127DAD /* Frameworks */,
				3BA17D361946E5A600127DAD /* Resources */,
			);
			buildRules = (
			);
			dependencies = (
			);
			name = "Swing Local";
			productName = "Swing Local";
			productReference = 3BA17D381946E5A600127DAD /* Swing Local.app */;
			productType = "com.apple.product-type.application";
		};
		3BA17D4D1946E5A600127DAD /* Swing LocalTests */ = {
			isa = PBXNativeTarget;
			buildConfigurationList = 3BA17D5B1946E5A600127DAD /* Build configuration list for PBXNativeTarget "Swing LocalTests" */;
			buildPhases = (
				3BA17D4A1946E5A600127DAD /* Sources */,
				3BA17D4B1946E5A600127DAD /* Frameworks */,
				3BA17D4C1946E5A600127DAD /* Resources */,
			);
			buildRules = (
			);
			dependencies = (
				3BA17D501946E5A600127DAD /* PBXTargetDependency */,
			);
			name = "Swing LocalTests";
			productName = "Swing LocalTests";
			productReference = 3BA17D4E1946E5A600127DAD /* Swing LocalTests.xctest */;
			productType = "com.apple.product-type.bundle.unit-test";
		};
/* End PBXNativeTarget section */

/* Begin PBXProject section */
		3BA17D301946E5A600127DAD /* Project object */ = {
			isa = PBXProject;
			attributes = {
				LastUpgradeCheck = 0600;
				ORGANIZATIONNAME = "Steven Stevenson";
				TargetAttributes = {
					3BA17D371946E5A600127DAD = {
						CreatedOnToolsVersion = 6.0;
					};
					3BA17D4D1946E5A600127DAD = {
						CreatedOnToolsVersion = 6.0;
						TestTargetID = 3BA17D371946E5A600127DAD;
					};
				};
			};
			buildConfigurationList = 3BA17D331946E5A600127DAD /* Build configuration list for PBXProject "Swing Local" */;
			compatibilityVersion = "Xcode 3.2";
			developmentRegion = English;
			hasScannedForEncodings = 0;
			knownRegions = (
				en,
				Base,
			);
			mainGroup = 3BA17D2F1946E5A600127DAD;
			productRefGroup = 3BA17D391946E5A600127DAD /* Products */;
			projectDirPath = "";
			projectRoot = "";
			targets = (
				3BA17D371946E5A600127DAD /* Swing Local */,
				3BA17D4D1946E5A600127DAD /* Swing LocalTests */,
			);
		};
/* End PBXProject section */

/* Begin PBXResourcesBuildPhase section */
		3BA17D361946E5A600127DAD /* Resources */ = {
			isa = PBXResourcesBuildPhase;
			buildActionMask = 2147483647;
			files = (
				3BA17D471946E5A600127DAD /* Main.storyboard in Resources */,
				3BA17D491946E5A600127DAD /* Images.xcassets in Resources */,
			);
			runOnlyForDeploymentPostprocessing = 0;
		};
		3BA17D4C1946E5A600127DAD /* Resources */ = {
			isa = PBXResourcesBuildPhase;
			buildActionMask = 2147483647;
			files = (
			);
			runOnlyForDeploymentPostprocessing = 0;
		};
/* End PBXResourcesBuildPhase section */

/* Begin PBXSourcesBuildPhase section */
		3BA17D341946E5A600127DAD /* Sources */ = {
			isa = PBXSourcesBuildPhase;
			buildActionMask = 2147483647;
			files = (
				3BA17D441946E5A600127DAD /* ViewController.m in Sources */,
				3BA17D411946E5A600127DAD /* AppDelegate.m in Sources */,
				3BA17D3E1946E5A600127DAD /* main.m in Sources */,
			);
			runOnlyForDeploymentPostprocessing = 0;
		};
		3BA17D4A1946E5A600127DAD /* Sources */ = {
			isa = PBXSourcesBuildPhase;
			buildActionMask = 2147483647;
			files = (
				3BA17D551946E5A600127DAD /* Swing_LocalTests.m in Sources */,
			);
			runOnlyForDeploymentPostprocessing = 0;
		};
/* End PBXSourcesBuildPhase section */

/* Begin PBXTargetDependency section */
		3BA17D501946E5A600127DAD /* PBXTargetDependency */ = {
			isa = PBXTargetDependency;
			target = 3BA17D371946E5A600127DAD /* Swing Local */;
			targetProxy = 3BA17D4F1946E5A600127DAD /* PBXContainerItemProxy */;
		};
/* End PBXTargetDependency section */

/* Begin PBXVariantGroup section */
		3BA17D451946E5A600127DAD /* Main.storyboard */ = {
			isa = PBXVariantGroup;
			children = (
				3BA17D461946E5A600127DAD /* Base */,
			);
			name = Main.storyboard;
			sourceTree = "<group>";
		};
/* End PBXVariantGroup section */

/* Begin XCBuildConfiguration section */
		3BA17D561946E5A600127DAD /* Debug */ = {
			isa = XCBuildConfiguration;
			buildSettings = {
				ALWAYS_SEARCH_USER_PATHS = NO;
				CLANG_CXX_LANGUAGE_STANDARD = "gnu++0x";
				CLANG_CXX_LIBRARY = "libc++";
				CLANG_ENABLE_MODULES = YES;
				CLANG_ENABLE_OBJC_ARC = YES;
				CLANG_WARN_BOOL_CONVERSION = YES;
				CLANG_WARN_CONSTANT_CONVERSION = YES;
				CLANG_WARN_DIRECT_OBJC_ISA_USAGE = YES_ERROR;
				CLANG_WARN_EMPTY_BODY = YES;
				CLANG_WARN_ENUM_CONVERSION = YES;
				CLANG_WARN_INT_CONVERSION = YES;
				CLANG_WARN_OBJC_ROOT_CLASS = YES_ERROR;
				CLANG_WARN_UNREACHABLE_CODE = YES;
				CLANG_WARN__DUPLICATE_METHOD_MATCH = YES;
				"CODE_SIGN_IDENTITY[sdk=iphoneos*]" = "iPhone Developer";
				COPY_PHASE_STRIP = NO;
				ENABLE_STRICT_OBJC_MSGSEND = YES;
				GCC_C_LANGUAGE_STANDARD = gnu99;
				GCC_DYNAMIC_NO_PIC = NO;
				GCC_OPTIMIZATION_LEVEL = 0;
				GCC_PREPROCESSOR_DEFINITIONS = (
					"DEBUG=1",
					"$(inherited)",
				);
				GCC_SYMBOLS_PRIVATE_EXTERN = NO;
				GCC_WARN_64_TO_32_BIT_CONVERSION = YES;
				GCC_WARN_ABOUT_RETURN_TYPE = YES_ERROR;
				GCC_WARN_UNDECLARED_SELECTOR = YES;
				GCC_WARN_UNINITIALIZED_AUTOS = YES_AGGRESSIVE;
				GCC_WARN_UNUSED_FUNCTION = YES;
				GCC_WARN_UNUSED_VARIABLE = YES;
				IPHONEOS_DEPLOYMENT_TARGET = 8.0;
				METAL_ENABLE_DEBUG_INFO = YES;
				ONLY_ACTIVE_ARCH = YES;
				SDKROOT = iphoneos;
			};
			name = Debug;
		};
		3BA17D571946E5A600127DAD /* Release */ = {
			isa = XCBuildConfiguration;
			buildSettings = {
				ALWAYS_SEARCH_USER_PATHS = NO;
				CLANG_CXX_LANGUAGE_STANDARD = "gnu++0x";
				CLANG_CXX_LIBRARY = "libc++";
				CLANG_ENABLE_MODULES = YES;
				CLANG_ENABLE_OBJC_ARC = YES;
				CLANG_WARN_BOOL_CONVERSION = YES;
				CLANG_WARN_CONSTANT_CONVERSION = YES;
				CLANG_WARN_DIRECT_OBJC_ISA_USAGE = YES_ERROR;
				CLANG_WARN_EMPTY_BODY = YES;
				CLANG_WARN_ENUM_CONVERSION = YES;
				CLANG_WARN_INT_CONVERSION = YES;
				CLANG_WARN_OBJC_ROOT_CLASS = YES_ERROR;
				CLANG_WARN_UNREACHABLE_CODE = YES;
				CLANG_WARN__DUPLICATE_METHOD_MATCH = YES;
				"CODE_SIGN_IDENTITY[sdk=iphoneos*]" = "iPhone Developer";
				COPY_PHASE_STRIP = YES;
				ENABLE_NS_ASSERTIONS = NO;
				ENABLE_STRICT_OBJC_MSGSEND = YES;
				GCC_C_LANGUAGE_STANDARD = gnu99;
				GCC_WARN_64_TO_32_BIT_CONVERSION = YES;
				GCC_WARN_ABOUT_RETURN_TYPE = YES_ERROR;
				GCC_WARN_UNDECLARED_SELECTOR = YES;
				GCC_WARN_UNINITIALIZED_AUTOS = YES_AGGRESSIVE;
				GCC_WARN_UNUSED_FUNCTION = YES;
				GCC_WARN_UNUSED_VARIABLE = YES;
				IPHONEOS_DEPLOYMENT_TARGET = 8.0;
				METAL_ENABLE_DEBUG_INFO = NO;
				SDKROOT = iphoneos;
				VALIDATE_PRODUCT = YES;
			};
			name = Release;
		};
		3BA17D591946E5A600127DAD /* Debug */ = {
			isa = XCBuildConfiguration;
			buildSettings = {
				ASSETCATALOG_COMPILER_APPICON_NAME = AppIcon;
				ASSETCATALOG_COMPILER_LAUNCHIMAGE_NAME = LaunchImage;
				INFOPLIST_FILE = "Swing Local/Info.plist";
				LD_RUNPATH_SEARCH_PATHS = "$(inherited) @executable_path/Frameworks";
				PRODUCT_NAME = "$(TARGET_NAME)";
			};
			name = Debug;
		};
		3BA17D5A1946E5A600127DAD /* Release */ = {
			isa = XCBuildConfiguration;
			buildSettings = {
				ASSETCATALOG_COMPILER_APPICON_NAME = AppIcon;
				ASSETCATALOG_COMPILER_LAUNCHIMAGE_NAME = LaunchImage;
				INFOPLIST_FILE = "Swing Local/Info.plist";
				LD_RUNPATH_SEARCH_PATHS = "$(inherited) @executable_path/Frameworks";
				PRODUCT_NAME = "$(TARGET_NAME)";
			};
			name = Release;
		};
		3BA17D5C1946E5A600127DAD /* Debug */ = {
			isa = XCBuildConfiguration;
			buildSettings = {
				BUNDLE_LOADER = "$(BUILT_PRODUCTS_DIR)/Swing Local.app/Swing Local";
				FRAMEWORK_SEARCH_PATHS = (
					"$(SDKROOT)/Developer/Library/Frameworks",
					"$(inherited)",
				);
				GCC_PREPROCESSOR_DEFINITIONS = (
					"DEBUG=1",
					"$(inherited)",
				);
				INFOPLIST_FILE = "Swing LocalTests/Info.plist";
				LD_RUNPATH_SEARCH_PATHS = "$(inherited) @executable_path/Frameworks @loader_path/Frameworks";
				METAL_ENABLE_DEBUG_INFO = YES;
				PRODUCT_NAME = "$(TARGET_NAME)";
				TEST_HOST = "$(BUNDLE_LOADER)";
			};
			name = Debug;
		};
		3BA17D5D1946E5A600127DAD /* Release */ = {
			isa = XCBuildConfiguration;
			buildSettings = {
				BUNDLE_LOADER = "$(BUILT_PRODUCTS_DIR)/Swing Local.app/Swing Local";
				FRAMEWORK_SEARCH_PATHS = (
					"$(SDKROOT)/Developer/Library/Frameworks",
					"$(inherited)",
				);
				INFOPLIST_FILE = "Swing LocalTests/Info.plist";
				LD_RUNPATH_SEARCH_PATHS = "$(inherited) @executable_path/Frameworks @loader_path/Frameworks";
				METAL_ENABLE_DEBUG_INFO = NO;
				PRODUCT_NAME = "$(TARGET_NAME)";
				TEST_HOST = "$(BUNDLE_LOADER)";
			};
			name = Release;
		};
/* End XCBuildConfiguration section */

/* Begin XCConfigurationList section */
		3BA17D331946E5A600127DAD /* Build configuration list for PBXProject "Swing Local" */ = {
			isa = XCConfigurationList;
			buildConfigurations = (
				3BA17D561946E5A600127DAD /* Debug */,
				3BA17D571946E5A600127DAD /* Release */,
			);
			defaultConfigurationIsVisible = 0;
			defaultConfigurationName = Release;
		};
		3BA17D581946E5A600127DAD /* Build configuration list for PBXNativeTarget "Swing Local" */ = {
			isa = XCConfigurationList;
			buildConfigurations = (
				3BA17D591946E5A600127DAD /* Debug */,
				3BA17D5A1946E5A600127DAD /* Release */,
			);
			defaultConfigurationIsVisible = 0;
		};
		3BA17D5B1946E5A600127DAD /* Build configuration list for PBXNativeTarget "Swing LocalTests" */ = {
			isa = XCConfigurationList;
			buildConfigurations = (
				3BA17D5C1946E5A600127DAD /* Debug */,
				3BA17D5D1946E5A600127DAD /* Release */,
			);
			defaultConfigurationIsVisible = 0;
		};
/* End XCConfigurationList section */
	};
	rootObject = 3BA17D301946E5A600127DAD /* Project object */;
}
