// !$*UTF8*$!
{
	archiveVersion = 1;
	classes = {
	};
	objectVersion = 46;
	objects = {

/* Begin PBXBuildFile section */
		3B167EBB194B8FAC009D8E6E /* MapManager.m in Sources */ = {isa = PBXBuildFile; fileRef = 3B167EBA194B8FAC009D8E6E /* MapManager.m */; };
		3B1C049619497AE300211EFA /* ContentTableCell.m in Sources */ = {isa = PBXBuildFile; fileRef = 3B1C049519497AE300211EFA /* ContentTableCell.m */; };
		3B1C049A19497E3000211EFA /* ContentSection.m in Sources */ = {isa = PBXBuildFile; fileRef = 3B1C049919497E3000211EFA /* ContentSection.m */; };
		3B1C049D19498C6800211EFA /* CurrentCityMapTableView.m in Sources */ = {isa = PBXBuildFile; fileRef = 3B1C049C19498C6800211EFA /* CurrentCityMapTableView.m */; };
		3B4C2FF719479C9300F06E46 /* Main.storyboard in Resources */ = {isa = PBXBuildFile; fileRef = 3B4C2FF519479C9300F06E46 /* Main.storyboard */; };
		3B4C2FFE194849D400F06E46 /* FrontViewController.m in Sources */ = {isa = PBXBuildFile; fileRef = 3B4C2FFD194849D400F06E46 /* FrontViewController.m */; };
		3B4C3001194849E400F06E46 /* BackViewController.m in Sources */ = {isa = PBXBuildFile; fileRef = 3B4C3000194849E400F06E46 /* BackViewController.m */; };
		3B4C3004194849FA00F06E46 /* SplitViewController.m in Sources */ = {isa = PBXBuildFile; fileRef = 3B4C3003194849FA00F06E46 /* SplitViewController.m */; };
		3B4C300A19484A9500F06E46 /* SSFrontViewController.m in Sources */ = {isa = PBXBuildFile; fileRef = 3B4C300719484A9500F06E46 /* SSFrontViewController.m */; };
		3B4C300B19484A9500F06E46 /* SSBackViewController.m in Sources */ = {isa = PBXBuildFile; fileRef = 3B4C300919484A9500F06E46 /* SSBackViewController.m */; };
		3B4C300E19484AF900F06E46 /* SplitControllerSegue.m in Sources */ = {isa = PBXBuildFile; fileRef = 3B4C300D19484AF900F06E46 /* SplitControllerSegue.m */; };
		3B4C301119484B3000F06E46 /* CustomSegue.m in Sources */ = {isa = PBXBuildFile; fileRef = 3B4C301019484B3000F06E46 /* CustomSegue.m */; };
		3B522D001948F9A40014FF2B /* BaseViewController.m in Sources */ = {isa = PBXBuildFile; fileRef = 3B522CFF1948F9A40014FF2B /* BaseViewController.m */; };
		3B6FB6F1194C30E000D9B192 /* MonthCollectionView.m in Sources */ = {isa = PBXBuildFile; fileRef = 3B6FB6F0194C30E000D9B192 /* MonthCollectionView.m */; };
		3B765BAF194C3ABD0087872A /* MonthCollectionViewCell.m in Sources */ = {isa = PBXBuildFile; fileRef = 3B765BAE194C3ABD0087872A /* MonthCollectionViewCell.m */; };
		3BA17D3E1946E5A600127DAD /* main.m in Sources */ = {isa = PBXBuildFile; fileRef = 3BA17D3D1946E5A600127DAD /* main.m */; };
		3BA17D411946E5A600127DAD /* AppDelegate.m in Sources */ = {isa = PBXBuildFile; fileRef = 3BA17D401946E5A600127DAD /* AppDelegate.m */; };
		3BA17D551946E5A600127DAD /* Swing_LocalTests.m in Sources */ = {isa = PBXBuildFile; fileRef = 3BA17D541946E5A600127DAD /* Swing_LocalTests.m */; };
		3BA17D5F1946ECFF00127DAD /* MapKit.framework in Frameworks */ = {isa = PBXBuildFile; fileRef = 3BA17D5E1946ECFF00127DAD /* MapKit.framework */; };
		3BD98E37194A3CBB000EF668 /* BaseSectionTableView.m in Sources */ = {isa = PBXBuildFile; fileRef = 3BD98E36194A3CBB000EF668 /* BaseSectionTableView.m */; };
		3BD98E3A194A40E1000EF668 /* ContentTableView.m in Sources */ = {isa = PBXBuildFile; fileRef = 3BD98E39194A40E1000EF668 /* ContentTableView.m */; };
		3BD98E3D194A4719000EF668 /* HeaderWithDynamicTableView.m in Sources */ = {isa = PBXBuildFile; fileRef = 3BD98E3C194A4719000EF668 /* HeaderWithDynamicTableView.m */; };
		3BD98E40194A5333000EF668 /* HomeViewController.m in Sources */ = {isa = PBXBuildFile; fileRef = 3BD98E3F194A5333000EF668 /* HomeViewController.m */; };
		3BD98E44194A5511000EF668 /* FavoritesViewController.m in Sources */ = {isa = PBXBuildFile; fileRef = 3BD98E43194A5511000EF668 /* FavoritesViewController.m */; };
		3BD98E47194A5888000EF668 /* CalendarsViewController.m in Sources */ = {isa = PBXBuildFile; fileRef = 3BD98E46194A5888000EF668 /* CalendarsViewController.m */; };
		3BD98E49194A6303000EF668 /* pin_flat.png in Resources */ = {isa = PBXBuildFile; fileRef = 3BD98E48194A6303000EF668 /* pin_flat.png */; };
		3BD98E4C194A666F000EF668 /* BackgroundTriggerCellTableViewCell.m in Sources */ = {isa = PBXBuildFile; fileRef = 3BD98E4B194A666F000EF668 /* BackgroundTriggerCellTableViewCell.m */; };
		3BD98E4F194B7A3E000EF668 /* SSPagedView.m in Sources */ = {isa = PBXBuildFile; fileRef = 3BD98E4E194B7A3E000EF668 /* SSPagedView.m */; };
		3BD98E54194B85D1000EF668 /* PagedTitleView.m in Sources */ = {isa = PBXBuildFile; fileRef = 3BD98E53194B85D1000EF668 /* PagedTitleView.m */; };
		3BD98E56194B85E3000EF668 /* PagedTitleView.xib in Resources */ = {isa = PBXBuildFile; fileRef = 3BD98E55194B85E3000EF668 /* PagedTitleView.xib */; };
		3BDDAB19194BC2D100207B77 /* UIColor+SwingLocal.m in Sources */ = {isa = PBXBuildFile; fileRef = 3BDDAB18194BC2D100207B77 /* UIColor+SwingLocal.m */; };
		3BF3FB7819490DB60087E469 /* Contents.json in Resources */ = {isa = PBXBuildFile; fileRef = 3BF3FB5D19490DB60087E469 /* Contents.json */; };
		3BF3FB7919490DB60087E469 /* leftward-arrow.png in Resources */ = {isa = PBXBuildFile; fileRef = 3BF3FB5E19490DB60087E469 /* leftward-arrow.png */; };
		3BF3FB7A19490DB60087E469 /* leftward-arrow@2x.png in Resources */ = {isa = PBXBuildFile; fileRef = 3BF3FB5F19490DB60087E469 /* leftward-arrow@2x.png */; };
		3BF3FB7B19490DB60087E469 /* Contents.json in Resources */ = {isa = PBXBuildFile; fileRef = 3BF3FB6119490DB60087E469 /* Contents.json */; };
		3BF3FB7C19490DB60087E469 /* rightward-arrow.png in Resources */ = {isa = PBXBuildFile; fileRef = 3BF3FB6219490DB60087E469 /* rightward-arrow.png */; };
		3BF3FB7D19490DB60087E469 /* rightward-arrow@2x.png in Resources */ = {isa = PBXBuildFile; fileRef = 3BF3FB6319490DB60087E469 /* rightward-arrow@2x.png */; };
		3BF3FB7E19490DB60087E469 /* Contents.json in Resources */ = {isa = PBXBuildFile; fileRef = 3BF3FB6519490DB60087E469 /* Contents.json */; };
		3BF3FB7F19490DB60087E469 /* donward-arrow.png in Resources */ = {isa = PBXBuildFile; fileRef = 3BF3FB6619490DB60087E469 /* donward-arrow.png */; };
		3BF3FB8019490DB60087E469 /* downward-arrow@2x.png in Resources */ = {isa = PBXBuildFile; fileRef = 3BF3FB6719490DB60087E469 /* downward-arrow@2x.png */; };
		3BF3FB8119490DB60087E469 /* Contents.json in Resources */ = {isa = PBXBuildFile; fileRef = 3BF3FB6919490DB60087E469 /* Contents.json */; };
		3BF3FB8219490DB60087E469 /* email-7-active.png in Resources */ = {isa = PBXBuildFile; fileRef = 3BF3FB6A19490DB60087E469 /* email-7-active.png */; };
		3BF3FB8319490DB60087E469 /* email-7-active@2x.png in Resources */ = {isa = PBXBuildFile; fileRef = 3BF3FB6B19490DB60087E469 /* email-7-active@2x.png */; };
		3BF3FB8419490DB60087E469 /* Contents.json in Resources */ = {isa = PBXBuildFile; fileRef = 3BF3FB6D19490DB60087E469 /* Contents.json */; };
		3BF3FB8519490DB60087E469 /* email.png in Resources */ = {isa = PBXBuildFile; fileRef = 3BF3FB6E19490DB60087E469 /* email.png */; };
		3BF3FB8619490DB60087E469 /* email@2x.png in Resources */ = {isa = PBXBuildFile; fileRef = 3BF3FB6F19490DB60087E469 /* email@2x.png */; };
		3BF3FB8719490DB60087E469 /* Contents.json in Resources */ = {isa = PBXBuildFile; fileRef = 3BF3FB7119490DB60087E469 /* Contents.json */; };
		3BF3FB8819490DB60087E469 /* lock.png in Resources */ = {isa = PBXBuildFile; fileRef = 3BF3FB7219490DB60087E469 /* lock.png */; };
		3BF3FB8919490DB60087E469 /* lock@2x.png in Resources */ = {isa = PBXBuildFile; fileRef = 3BF3FB7319490DB60087E469 /* lock@2x.png */; };
		3BF3FB8A19490DB60087E469 /* Contents.json in Resources */ = {isa = PBXBuildFile; fileRef = 3BF3FB7519490DB60087E469 /* Contents.json */; };
		3BF3FB8B19490DB60087E469 /* menu.png in Resources */ = {isa = PBXBuildFile; fileRef = 3BF3FB7619490DB60087E469 /* menu.png */; };
		3BF3FB8C19490DB60087E469 /* menu@2x.png in Resources */ = {isa = PBXBuildFile; fileRef = 3BF3FB7719490DB60087E469 /* menu@2x.png */; };
		3BF3FB9019490DD20087E469 /* Contents.json in Resources */ = {isa = PBXBuildFile; fileRef = 3BF3FB8E19490DD20087E469 /* Contents.json */; };
		3BF3FB9119490DD20087E469 /* downward-arrow@2x.png in Resources */ = {isa = PBXBuildFile; fileRef = 3BF3FB8F19490DD20087E469 /* downward-arrow@2x.png */; };
		3BF3FB9319490E1B0087E469 /* home-7@2x.png in Resources */ = {isa = PBXBuildFile; fileRef = 3BF3FB9219490E1B0087E469 /* home-7@2x.png */; };
		3BF3FB9519490ED90087E469 /* gear-multiple-7@2x.png in Resources */ = {isa = PBXBuildFile; fileRef = 3BF3FB9419490ED90087E469 /* gear-multiple-7@2x.png */; };
		3BF3FB9719490EE70087E469 /* spanner-screwdriver-7@2x.png in Resources */ = {isa = PBXBuildFile; fileRef = 3BF3FB9619490EE70087E469 /* spanner-screwdriver-7@2x.png */; };
		3BF3FB9919490EEC0087E469 /* star-7@2x.png in Resources */ = {isa = PBXBuildFile; fileRef = 3BF3FB9819490EEC0087E469 /* star-7@2x.png */; };
		3BF3FB9B19490EF10087E469 /* star-circle-7@2x.png in Resources */ = {isa = PBXBuildFile; fileRef = 3BF3FB9A19490EF10087E469 /* star-circle-7@2x.png */; };
		3BF3FB9D19490EFB0087E469 /* calendar-7@2x.png in Resources */ = {isa = PBXBuildFile; fileRef = 3BF3FB9C19490EFB0087E469 /* calendar-7@2x.png */; };
		3BF3FBB1194910570087E469 /* Contents.json in Resources */ = {isa = PBXBuildFile; fileRef = 3BF3FBA0194910570087E469 /* Contents.json */; };
		3BF3FBB2194910570087E469 /* FLAT_LOGO-14-14 copy.png in Resources */ = {isa = PBXBuildFile; fileRef = 3BF3FBA1194910570087E469 /* FLAT_LOGO-14-14 copy.png */; };
		3BF3FBB3194910570087E469 /* Contents.json in Resources */ = {isa = PBXBuildFile; fileRef = 3BF3FBA3194910570087E469 /* Contents.json */; };
		3BF3FBB4194910570087E469 /* FLAT_LOGO-14.png in Resources */ = {isa = PBXBuildFile; fileRef = 3BF3FBA4194910570087E469 /* FLAT_LOGO-14.png */; };
		3BF3FBB5194910570087E469 /* Contents.json in Resources */ = {isa = PBXBuildFile; fileRef = 3BF3FBA6194910570087E469 /* Contents.json */; };
		3BF3FBB6194910570087E469 /* MAP_FLAT_WHITE-04.png in Resources */ = {isa = PBXBuildFile; fileRef = 3BF3FBA7194910570087E469 /* MAP_FLAT_WHITE-04.png */; };
		3BF3FBB7194910570087E469 /* Contents.json in Resources */ = {isa = PBXBuildFile; fileRef = 3BF3FBA9194910570087E469 /* Contents.json */; };
		3BF3FBB8194910570087E469 /* map_flat.png in Resources */ = {isa = PBXBuildFile; fileRef = 3BF3FBAA194910570087E469 /* map_flat.png */; };
		3BF3FBB9194910570087E469 /* Contents.json in Resources */ = {isa = PBXBuildFile; fileRef = 3BF3FBAC194910570087E469 /* Contents.json */; };
		3BF3FBBA194910570087E469 /* PIN_FLAT_WHITE-03.png in Resources */ = {isa = PBXBuildFile; fileRef = 3BF3FBAD194910570087E469 /* PIN_FLAT_WHITE-03.png */; };
		3BF3FBBB194910570087E469 /* Contents.json in Resources */ = {isa = PBXBuildFile; fileRef = 3BF3FBAF194910570087E469 /* Contents.json */; };
		3BF3FBBC194910570087E469 /* pin_flat.png in Resources */ = {isa = PBXBuildFile; fileRef = 3BF3FBB0194910570087E469 /* pin_flat.png */; };
		3BF3FBBE194910930087E469 /* ios8Images.xcassets in Resources */ = {isa = PBXBuildFile; fileRef = 3BF3FBBD194910930087E469 /* ios8Images.xcassets */; };
		D20EF0D4194C4AAA00A107DA /* BaseSectionCollectionView.m in Sources */ = {isa = PBXBuildFile; fileRef = D20EF0D3194C4AAA00A107DA /* BaseSectionCollectionView.m */; };
		D231AC3B194CE259009990C5 /* NSDate+SwingLocal.m in Sources */ = {isa = PBXBuildFile; fileRef = D231AC3A194CE259009990C5 /* NSDate+SwingLocal.m */; };
		D296ECDE194CD4850027E733 /* RootNavigationController.m in Sources */ = {isa = PBXBuildFile; fileRef = D296ECDD194CD4850027E733 /* RootNavigationController.m */; };
/* End PBXBuildFile section */

/* Begin PBXContainerItemProxy section */
		3BA17D4F1946E5A600127DAD /* PBXContainerItemProxy */ = {
			isa = PBXContainerItemProxy;
			containerPortal = 3BA17D301946E5A600127DAD /* Project object */;
			proxyType = 1;
			remoteGlobalIDString = 3BA17D371946E5A600127DAD;
			remoteInfo = "Swing Local";
		};
/* End PBXContainerItemProxy section */

/* Begin PBXFileReference section */
		3B167EB9194B8FAC009D8E6E /* MapManager.h */ = {isa = PBXFileReference; fileEncoding = 4; lastKnownFileType = sourcecode.c.h; path = MapManager.h; sourceTree = "<group>"; };
		3B167EBA194B8FAC009D8E6E /* MapManager.m */ = {isa = PBXFileReference; fileEncoding = 4; lastKnownFileType = sourcecode.c.objc; path = MapManager.m; sourceTree = "<group>"; };
		3B1C049419497AE300211EFA /* ContentTableCell.h */ = {isa = PBXFileReference; fileEncoding = 4; lastKnownFileType = sourcecode.c.h; path = ContentTableCell.h; sourceTree = "<group>"; };
		3B1C049519497AE300211EFA /* ContentTableCell.m */ = {isa = PBXFileReference; fileEncoding = 4; lastKnownFileType = sourcecode.c.objc; path = ContentTableCell.m; sourceTree = "<group>"; };
		3B1C049819497E3000211EFA /* ContentSection.h */ = {isa = PBXFileReference; fileEncoding = 4; lastKnownFileType = sourcecode.c.h; path = ContentSection.h; sourceTree = "<group>"; };
		3B1C049919497E3000211EFA /* ContentSection.m */ = {isa = PBXFileReference; fileEncoding = 4; lastKnownFileType = sourcecode.c.objc; path = ContentSection.m; sourceTree = "<group>"; };
		3B1C049B19498C6800211EFA /* CurrentCityMapTableView.h */ = {isa = PBXFileReference; fileEncoding = 4; lastKnownFileType = sourcecode.c.h; path = CurrentCityMapTableView.h; sourceTree = "<group>"; };
		3B1C049C19498C6800211EFA /* CurrentCityMapTableView.m */ = {isa = PBXFileReference; fileEncoding = 4; lastKnownFileType = sourcecode.c.objc; path = CurrentCityMapTableView.m; sourceTree = "<group>"; };
		3B4C2FF619479C9300F06E46 /* Base */ = {isa = PBXFileReference; lastKnownFileType = file.storyboard; name = Base; path = Base.lproj/Main.storyboard; sourceTree = "<group>"; };
		3B4C2FFC194849D400F06E46 /* FrontViewController.h */ = {isa = PBXFileReference; fileEncoding = 4; lastKnownFileType = sourcecode.c.h; path = FrontViewController.h; sourceTree = "<group>"; };
		3B4C2FFD194849D400F06E46 /* FrontViewController.m */ = {isa = PBXFileReference; fileEncoding = 4; lastKnownFileType = sourcecode.c.objc; path = FrontViewController.m; sourceTree = "<group>"; };
		3B4C2FFF194849E400F06E46 /* BackViewController.h */ = {isa = PBXFileReference; fileEncoding = 4; lastKnownFileType = sourcecode.c.h; path = BackViewController.h; sourceTree = "<group>"; };
		3B4C3000194849E400F06E46 /* BackViewController.m */ = {isa = PBXFileReference; fileEncoding = 4; lastKnownFileType = sourcecode.c.objc; path = BackViewController.m; sourceTree = "<group>"; };
		3B4C3002194849FA00F06E46 /* SplitViewController.h */ = {isa = PBXFileReference; fileEncoding = 4; lastKnownFileType = sourcecode.c.h; path = SplitViewController.h; sourceTree = "<group>"; };
		3B4C3003194849FA00F06E46 /* SplitViewController.m */ = {isa = PBXFileReference; fileEncoding = 4; lastKnownFileType = sourcecode.c.objc; path = SplitViewController.m; sourceTree = "<group>"; };
		3B4C300619484A9500F06E46 /* SSFrontViewController.h */ = {isa = PBXFileReference; fileEncoding = 4; lastKnownFileType = sourcecode.c.h; path = SSFrontViewController.h; sourceTree = "<group>"; };
		3B4C300719484A9500F06E46 /* SSFrontViewController.m */ = {isa = PBXFileReference; fileEncoding = 4; lastKnownFileType = sourcecode.c.objc; path = SSFrontViewController.m; sourceTree = "<group>"; };
		3B4C300819484A9500F06E46 /* SSBackViewController.h */ = {isa = PBXFileReference; fileEncoding = 4; lastKnownFileType = sourcecode.c.h; path = SSBackViewController.h; sourceTree = "<group>"; };
		3B4C300919484A9500F06E46 /* SSBackViewController.m */ = {isa = PBXFileReference; fileEncoding = 4; lastKnownFileType = sourcecode.c.objc; path = SSBackViewController.m; sourceTree = "<group>"; };
		3B4C300C19484AF900F06E46 /* SplitControllerSegue.h */ = {isa = PBXFileReference; fileEncoding = 4; lastKnownFileType = sourcecode.c.h; path = SplitControllerSegue.h; sourceTree = "<group>"; };
		3B4C300D19484AF900F06E46 /* SplitControllerSegue.m */ = {isa = PBXFileReference; fileEncoding = 4; lastKnownFileType = sourcecode.c.objc; path = SplitControllerSegue.m; sourceTree = "<group>"; };
		3B4C300F19484B3000F06E46 /* CustomSegue.h */ = {isa = PBXFileReference; fileEncoding = 4; lastKnownFileType = sourcecode.c.h; path = CustomSegue.h; sourceTree = "<group>"; };
		3B4C301019484B3000F06E46 /* CustomSegue.m */ = {isa = PBXFileReference; fileEncoding = 4; lastKnownFileType = sourcecode.c.objc; path = CustomSegue.m; sourceTree = "<group>"; };
		3B522CFE1948F9A40014FF2B /* BaseViewController.h */ = {isa = PBXFileReference; fileEncoding = 4; lastKnownFileType = sourcecode.c.h; path = BaseViewController.h; sourceTree = "<group>"; };
		3B522CFF1948F9A40014FF2B /* BaseViewController.m */ = {isa = PBXFileReference; fileEncoding = 4; lastKnownFileType = sourcecode.c.objc; path = BaseViewController.m; sourceTree = "<group>"; };
		3B6FB6EF194C30E000D9B192 /* MonthCollectionView.h */ = {isa = PBXFileReference; fileEncoding = 4; lastKnownFileType = sourcecode.c.h; path = MonthCollectionView.h; sourceTree = "<group>"; };
		3B6FB6F0194C30E000D9B192 /* MonthCollectionView.m */ = {isa = PBXFileReference; fileEncoding = 4; lastKnownFileType = sourcecode.c.objc; path = MonthCollectionView.m; sourceTree = "<group>"; };
		3B765BAD194C3ABD0087872A /* MonthCollectionViewCell.h */ = {isa = PBXFileReference; fileEncoding = 4; lastKnownFileType = sourcecode.c.h; path = MonthCollectionViewCell.h; sourceTree = "<group>"; };
		3B765BAE194C3ABD0087872A /* MonthCollectionViewCell.m */ = {isa = PBXFileReference; fileEncoding = 4; lastKnownFileType = sourcecode.c.objc; path = MonthCollectionViewCell.m; sourceTree = "<group>"; };
		3BA17D381946E5A600127DAD /* Swing Local.app */ = {isa = PBXFileReference; explicitFileType = wrapper.application; includeInIndex = 0; path = "Swing Local.app"; sourceTree = BUILT_PRODUCTS_DIR; };
		3BA17D3C1946E5A600127DAD /* Info.plist */ = {isa = PBXFileReference; lastKnownFileType = text.plist.xml; path = Info.plist; sourceTree = "<group>"; };
		3BA17D3D1946E5A600127DAD /* main.m */ = {isa = PBXFileReference; lastKnownFileType = sourcecode.c.objc; path = main.m; sourceTree = "<group>"; };
		3BA17D3F1946E5A600127DAD /* AppDelegate.h */ = {isa = PBXFileReference; lastKnownFileType = sourcecode.c.h; path = AppDelegate.h; sourceTree = "<group>"; };
		3BA17D401946E5A600127DAD /* AppDelegate.m */ = {isa = PBXFileReference; lastKnownFileType = sourcecode.c.objc; path = AppDelegate.m; sourceTree = "<group>"; };
		3BA17D4E1946E5A600127DAD /* Swing LocalTests.xctest */ = {isa = PBXFileReference; explicitFileType = wrapper.cfbundle; includeInIndex = 0; path = "Swing LocalTests.xctest"; sourceTree = BUILT_PRODUCTS_DIR; };
		3BA17D531946E5A600127DAD /* Info.plist */ = {isa = PBXFileReference; lastKnownFileType = text.plist.xml; path = Info.plist; sourceTree = "<group>"; };
		3BA17D541946E5A600127DAD /* Swing_LocalTests.m */ = {isa = PBXFileReference; lastKnownFileType = sourcecode.c.objc; path = Swing_LocalTests.m; sourceTree = "<group>"; };
		3BA17D5E1946ECFF00127DAD /* MapKit.framework */ = {isa = PBXFileReference; lastKnownFileType = wrapper.framework; name = MapKit.framework; path = System/Library/Frameworks/MapKit.framework; sourceTree = SDKROOT; };
		3BD98E35194A3CBB000EF668 /* BaseSectionTableView.h */ = {isa = PBXFileReference; fileEncoding = 4; lastKnownFileType = sourcecode.c.h; path = BaseSectionTableView.h; sourceTree = "<group>"; };
		3BD98E36194A3CBB000EF668 /* BaseSectionTableView.m */ = {isa = PBXFileReference; fileEncoding = 4; lastKnownFileType = sourcecode.c.objc; path = BaseSectionTableView.m; sourceTree = "<group>"; };
		3BD98E38194A40E1000EF668 /* ContentTableView.h */ = {isa = PBXFileReference; fileEncoding = 4; lastKnownFileType = sourcecode.c.h; path = ContentTableView.h; sourceTree = "<group>"; };
		3BD98E39194A40E1000EF668 /* ContentTableView.m */ = {isa = PBXFileReference; fileEncoding = 4; lastKnownFileType = sourcecode.c.objc; path = ContentTableView.m; sourceTree = "<group>"; };
		3BD98E3B194A4719000EF668 /* HeaderWithDynamicTableView.h */ = {isa = PBXFileReference; fileEncoding = 4; lastKnownFileType = sourcecode.c.h; path = HeaderWithDynamicTableView.h; sourceTree = "<group>"; };
		3BD98E3C194A4719000EF668 /* HeaderWithDynamicTableView.m */ = {isa = PBXFileReference; fileEncoding = 4; lastKnownFileType = sourcecode.c.objc; path = HeaderWithDynamicTableView.m; sourceTree = "<group>"; };
		3BD98E3E194A5333000EF668 /* HomeViewController.h */ = {isa = PBXFileReference; fileEncoding = 4; lastKnownFileType = sourcecode.c.h; path = HomeViewController.h; sourceTree = "<group>"; };
		3BD98E3F194A5333000EF668 /* HomeViewController.m */ = {isa = PBXFileReference; fileEncoding = 4; lastKnownFileType = sourcecode.c.objc; path = HomeViewController.m; sourceTree = "<group>"; };
		3BD98E42194A5511000EF668 /* FavoritesViewController.h */ = {isa = PBXFileReference; fileEncoding = 4; lastKnownFileType = sourcecode.c.h; path = FavoritesViewController.h; sourceTree = "<group>"; };
		3BD98E43194A5511000EF668 /* FavoritesViewController.m */ = {isa = PBXFileReference; fileEncoding = 4; lastKnownFileType = sourcecode.c.objc; path = FavoritesViewController.m; sourceTree = "<group>"; };
		3BD98E45194A5888000EF668 /* CalendarsViewController.h */ = {isa = PBXFileReference; fileEncoding = 4; lastKnownFileType = sourcecode.c.h; path = CalendarsViewController.h; sourceTree = "<group>"; };
		3BD98E46194A5888000EF668 /* CalendarsViewController.m */ = {isa = PBXFileReference; fileEncoding = 4; lastKnownFileType = sourcecode.c.objc; path = CalendarsViewController.m; sourceTree = "<group>"; };
		3BD98E48194A6303000EF668 /* pin_flat.png */ = {isa = PBXFileReference; lastKnownFileType = image.png; path = pin_flat.png; sourceTree = "<group>"; };
		3BD98E4A194A666F000EF668 /* BackgroundTriggerCellTableViewCell.h */ = {isa = PBXFileReference; fileEncoding = 4; lastKnownFileType = sourcecode.c.h; path = BackgroundTriggerCellTableViewCell.h; sourceTree = "<group>"; };
		3BD98E4B194A666F000EF668 /* BackgroundTriggerCellTableViewCell.m */ = {isa = PBXFileReference; fileEncoding = 4; lastKnownFileType = sourcecode.c.objc; path = BackgroundTriggerCellTableViewCell.m; sourceTree = "<group>"; };
		3BD98E4D194B7A3E000EF668 /* SSPagedView.h */ = {isa = PBXFileReference; fileEncoding = 4; lastKnownFileType = sourcecode.c.h; path = SSPagedView.h; sourceTree = "<group>"; };
		3BD98E4E194B7A3E000EF668 /* SSPagedView.m */ = {isa = PBXFileReference; fileEncoding = 4; lastKnownFileType = sourcecode.c.objc; path = SSPagedView.m; sourceTree = "<group>"; };
		3BD98E52194B85D1000EF668 /* PagedTitleView.h */ = {isa = PBXFileReference; fileEncoding = 4; lastKnownFileType = sourcecode.c.h; path = PagedTitleView.h; sourceTree = "<group>"; };
		3BD98E53194B85D1000EF668 /* PagedTitleView.m */ = {isa = PBXFileReference; fileEncoding = 4; lastKnownFileType = sourcecode.c.objc; path = PagedTitleView.m; sourceTree = "<group>"; };
		3BD98E55194B85E3000EF668 /* PagedTitleView.xib */ = {isa = PBXFileReference; fileEncoding = 4; lastKnownFileType = file.xib; path = PagedTitleView.xib; sourceTree = "<group>"; };
		3BDDAB17194BC2D100207B77 /* UIColor+SwingLocal.h */ = {isa = PBXFileReference; fileEncoding = 4; lastKnownFileType = sourcecode.c.h; path = "UIColor+SwingLocal.h"; sourceTree = "<group>"; };
		3BDDAB18194BC2D100207B77 /* UIColor+SwingLocal.m */ = {isa = PBXFileReference; fileEncoding = 4; lastKnownFileType = sourcecode.c.objc; path = "UIColor+SwingLocal.m"; sourceTree = "<group>"; };
		3BF3FB5D19490DB60087E469 /* Contents.json */ = {isa = PBXFileReference; fileEncoding = 4; lastKnownFileType = text.json; path = Contents.json; sourceTree = "<group>"; };
		3BF3FB5E19490DB60087E469 /* leftward-arrow.png */ = {isa = PBXFileReference; lastKnownFileType = image.png; path = "leftward-arrow.png"; sourceTree = "<group>"; };
		3BF3FB5F19490DB60087E469 /* leftward-arrow@2x.png */ = {isa = PBXFileReference; lastKnownFileType = image.png; path = "leftward-arrow@2x.png"; sourceTree = "<group>"; };
		3BF3FB6119490DB60087E469 /* Contents.json */ = {isa = PBXFileReference; fileEncoding = 4; lastKnownFileType = text.json; path = Contents.json; sourceTree = "<group>"; };
		3BF3FB6219490DB60087E469 /* rightward-arrow.png */ = {isa = PBXFileReference; lastKnownFileType = image.png; path = "rightward-arrow.png"; sourceTree = "<group>"; };
		3BF3FB6319490DB60087E469 /* rightward-arrow@2x.png */ = {isa = PBXFileReference; lastKnownFileType = image.png; path = "rightward-arrow@2x.png"; sourceTree = "<group>"; };
		3BF3FB6519490DB60087E469 /* Contents.json */ = {isa = PBXFileReference; fileEncoding = 4; lastKnownFileType = text.json; path = Contents.json; sourceTree = "<group>"; };
		3BF3FB6619490DB60087E469 /* donward-arrow.png */ = {isa = PBXFileReference; lastKnownFileType = image.png; path = "donward-arrow.png"; sourceTree = "<group>"; };
		3BF3FB6719490DB60087E469 /* downward-arrow@2x.png */ = {isa = PBXFileReference; lastKnownFileType = image.png; path = "downward-arrow@2x.png"; sourceTree = "<group>"; };
		3BF3FB6919490DB60087E469 /* Contents.json */ = {isa = PBXFileReference; fileEncoding = 4; lastKnownFileType = text.json; path = Contents.json; sourceTree = "<group>"; };
		3BF3FB6A19490DB60087E469 /* email-7-active.png */ = {isa = PBXFileReference; lastKnownFileType = image.png; path = "email-7-active.png"; sourceTree = "<group>"; };
		3BF3FB6B19490DB60087E469 /* email-7-active@2x.png */ = {isa = PBXFileReference; lastKnownFileType = image.png; path = "email-7-active@2x.png"; sourceTree = "<group>"; };
		3BF3FB6D19490DB60087E469 /* Contents.json */ = {isa = PBXFileReference; fileEncoding = 4; lastKnownFileType = text.json; path = Contents.json; sourceTree = "<group>"; };
		3BF3FB6E19490DB60087E469 /* email.png */ = {isa = PBXFileReference; lastKnownFileType = image.png; path = email.png; sourceTree = "<group>"; };
		3BF3FB6F19490DB60087E469 /* email@2x.png */ = {isa = PBXFileReference; lastKnownFileType = image.png; path = "email@2x.png"; sourceTree = "<group>"; };
		3BF3FB7119490DB60087E469 /* Contents.json */ = {isa = PBXFileReference; fileEncoding = 4; lastKnownFileType = text.json; path = Contents.json; sourceTree = "<group>"; };
		3BF3FB7219490DB60087E469 /* lock.png */ = {isa = PBXFileReference; lastKnownFileType = image.png; path = lock.png; sourceTree = "<group>"; };
		3BF3FB7319490DB60087E469 /* lock@2x.png */ = {isa = PBXFileReference; lastKnownFileType = image.png; path = "lock@2x.png"; sourceTree = "<group>"; };
		3BF3FB7519490DB60087E469 /* Contents.json */ = {isa = PBXFileReference; fileEncoding = 4; lastKnownFileType = text.json; path = Contents.json; sourceTree = "<group>"; };
		3BF3FB7619490DB60087E469 /* menu.png */ = {isa = PBXFileReference; lastKnownFileType = image.png; path = menu.png; sourceTree = "<group>"; };
		3BF3FB7719490DB60087E469 /* menu@2x.png */ = {isa = PBXFileReference; lastKnownFileType = image.png; path = "menu@2x.png"; sourceTree = "<group>"; };
		3BF3FB8E19490DD20087E469 /* Contents.json */ = {isa = PBXFileReference; fileEncoding = 4; lastKnownFileType = text.json; path = Contents.json; sourceTree = "<group>"; };
		3BF3FB8F19490DD20087E469 /* downward-arrow@2x.png */ = {isa = PBXFileReference; lastKnownFileType = image.png; path = "downward-arrow@2x.png"; sourceTree = "<group>"; };
		3BF3FB9219490E1B0087E469 /* home-7@2x.png */ = {isa = PBXFileReference; lastKnownFileType = image.png; path = "home-7@2x.png"; sourceTree = "<group>"; };
		3BF3FB9419490ED90087E469 /* gear-multiple-7@2x.png */ = {isa = PBXFileReference; lastKnownFileType = image.png; path = "gear-multiple-7@2x.png"; sourceTree = "<group>"; };
		3BF3FB9619490EE70087E469 /* spanner-screwdriver-7@2x.png */ = {isa = PBXFileReference; lastKnownFileType = image.png; path = "spanner-screwdriver-7@2x.png"; sourceTree = "<group>"; };
		3BF3FB9819490EEC0087E469 /* star-7@2x.png */ = {isa = PBXFileReference; lastKnownFileType = image.png; path = "star-7@2x.png"; sourceTree = "<group>"; };
		3BF3FB9A19490EF10087E469 /* star-circle-7@2x.png */ = {isa = PBXFileReference; lastKnownFileType = image.png; path = "star-circle-7@2x.png"; sourceTree = "<group>"; };
		3BF3FB9C19490EFB0087E469 /* calendar-7@2x.png */ = {isa = PBXFileReference; lastKnownFileType = image.png; path = "calendar-7@2x.png"; sourceTree = "<group>"; };
		3BF3FBA0194910570087E469 /* Contents.json */ = {isa = PBXFileReference; fileEncoding = 4; lastKnownFileType = text.json; path = Contents.json; sourceTree = "<group>"; };
		3BF3FBA1194910570087E469 /* FLAT_LOGO-14-14 copy.png */ = {isa = PBXFileReference; lastKnownFileType = image.png; path = "FLAT_LOGO-14-14 copy.png"; sourceTree = "<group>"; };
		3BF3FBA3194910570087E469 /* Contents.json */ = {isa = PBXFileReference; fileEncoding = 4; lastKnownFileType = text.json; path = Contents.json; sourceTree = "<group>"; };
		3BF3FBA4194910570087E469 /* FLAT_LOGO-14.png */ = {isa = PBXFileReference; lastKnownFileType = image.png; path = "FLAT_LOGO-14.png"; sourceTree = "<group>"; };
		3BF3FBA6194910570087E469 /* Contents.json */ = {isa = PBXFileReference; fileEncoding = 4; lastKnownFileType = text.json; path = Contents.json; sourceTree = "<group>"; };
		3BF3FBA7194910570087E469 /* MAP_FLAT_WHITE-04.png */ = {isa = PBXFileReference; lastKnownFileType = image.png; path = "MAP_FLAT_WHITE-04.png"; sourceTree = "<group>"; };
		3BF3FBA9194910570087E469 /* Contents.json */ = {isa = PBXFileReference; fileEncoding = 4; lastKnownFileType = text.json; path = Contents.json; sourceTree = "<group>"; };
		3BF3FBAA194910570087E469 /* map_flat.png */ = {isa = PBXFileReference; lastKnownFileType = image.png; path = map_flat.png; sourceTree = "<group>"; };
		3BF3FBAC194910570087E469 /* Contents.json */ = {isa = PBXFileReference; fileEncoding = 4; lastKnownFileType = text.json; path = Contents.json; sourceTree = "<group>"; };
		3BF3FBAD194910570087E469 /* PIN_FLAT_WHITE-03.png */ = {isa = PBXFileReference; lastKnownFileType = image.png; path = "PIN_FLAT_WHITE-03.png"; sourceTree = "<group>"; };
		3BF3FBAF194910570087E469 /* Contents.json */ = {isa = PBXFileReference; fileEncoding = 4; lastKnownFileType = text.json; path = Contents.json; sourceTree = "<group>"; };
		3BF3FBB0194910570087E469 /* pin_flat.png */ = {isa = PBXFileReference; lastKnownFileType = image.png; path = pin_flat.png; sourceTree = "<group>"; };
		3BF3FBBD194910930087E469 /* ios8Images.xcassets */ = {isa = PBXFileReference; lastKnownFileType = folder.assetcatalog; path = ios8Images.xcassets; sourceTree = "<group>"; };
		D20EF0D2194C4AAA00A107DA /* BaseSectionCollectionView.h */ = {isa = PBXFileReference; fileEncoding = 4; lastKnownFileType = sourcecode.c.h; path = BaseSectionCollectionView.h; sourceTree = "<group>"; };
		D20EF0D3194C4AAA00A107DA /* BaseSectionCollectionView.m */ = {isa = PBXFileReference; fileEncoding = 4; lastKnownFileType = sourcecode.c.objc; path = BaseSectionCollectionView.m; sourceTree = "<group>"; };
		D231AC39194CE259009990C5 /* NSDate+SwingLocal.h */ = {isa = PBXFileReference; fileEncoding = 4; lastKnownFileType = sourcecode.c.h; path = "NSDate+SwingLocal.h"; sourceTree = "<group>"; };
		D231AC3A194CE259009990C5 /* NSDate+SwingLocal.m */ = {isa = PBXFileReference; fileEncoding = 4; lastKnownFileType = sourcecode.c.objc; path = "NSDate+SwingLocal.m"; sourceTree = "<group>"; };
		D296ECDC194CD4850027E733 /* RootNavigationController.h */ = {isa = PBXFileReference; fileEncoding = 4; lastKnownFileType = sourcecode.c.h; path = RootNavigationController.h; sourceTree = "<group>"; };
		D296ECDD194CD4850027E733 /* RootNavigationController.m */ = {isa = PBXFileReference; fileEncoding = 4; lastKnownFileType = sourcecode.c.objc; path = RootNavigationController.m; sourceTree = "<group>"; };
/* End PBXFileReference section */

/* Begin PBXFrameworksBuildPhase section */
		3BA17D351946E5A600127DAD /* Frameworks */ = {
			isa = PBXFrameworksBuildPhase;
			buildActionMask = 2147483647;
			files = (
				3BA17D5F1946ECFF00127DAD /* MapKit.framework in Frameworks */,
			);
			runOnlyForDeploymentPostprocessing = 0;
		};
		3BA17D4B1946E5A600127DAD /* Frameworks */ = {
			isa = PBXFrameworksBuildPhase;
			buildActionMask = 2147483647;
			files = (
			);
			runOnlyForDeploymentPostprocessing = 0;
		};
/* End PBXFrameworksBuildPhase section */

/* Begin PBXGroup section */
		3B167EBC194B8FCC009D8E6E /* SharedManagers */ = {
			isa = PBXGroup;
			children = (
				3B167EB9194B8FAC009D8E6E /* MapManager.h */,
				3B167EBA194B8FAC009D8E6E /* MapManager.m */,
			);
			name = SharedManagers;
			sourceTree = "<group>";
		};
		3B1C049319497AB800211EFA /* View */ = {
			isa = PBXGroup;
			children = (
				3BD98E51194B85AF000EF668 /* PagedView */,
				3BD98E4A194A666F000EF668 /* BackgroundTriggerCellTableViewCell.h */,
				3BD98E4B194A666F000EF668 /* BackgroundTriggerCellTableViewCell.m */,
				3B1C049419497AE300211EFA /* ContentTableCell.h */,
				3B1C049519497AE300211EFA /* ContentTableCell.m */,
				3BD98E38194A40E1000EF668 /* ContentTableView.h */,
				3BD98E39194A40E1000EF668 /* ContentTableView.m */,
				3B1C049E19498C6B00211EFA /* TableViewSections */,
				3B6FB6EE194C29A900D9B192 /* CollectionViews */,
			);
			name = View;
			sourceTree = "<group>";
		};
		3B1C049719497E0F00211EFA /* Models */ = {
			isa = PBXGroup;
			children = (
				3B167EBC194B8FCC009D8E6E /* SharedManagers */,
				3B1C049819497E3000211EFA /* ContentSection.h */,
				3B1C049919497E3000211EFA /* ContentSection.m */,
			);
			name = Models;
			sourceTree = "<group>";
		};
		3B1C049E19498C6B00211EFA /* TableViewSections */ = {
			isa = PBXGroup;
			children = (
				3BD98E35194A3CBB000EF668 /* BaseSectionTableView.h */,
				3BD98E36194A3CBB000EF668 /* BaseSectionTableView.m */,
				3B1C049B19498C6800211EFA /* CurrentCityMapTableView.h */,
				3B1C049C19498C6800211EFA /* CurrentCityMapTableView.m */,
				3BD98E3B194A4719000EF668 /* HeaderWithDynamicTableView.h */,
				3BD98E3C194A4719000EF668 /* HeaderWithDynamicTableView.m */,
			);
			name = TableViewSections;
			sourceTree = "<group>";
		};
		3B4C2FF819483B0E00F06E46 /* UI */ = {
			isa = PBXGroup;
			children = (
				3B4C2FF519479C9300F06E46 /* Main.storyboard */,
			);
			name = UI;
			sourceTree = "<group>";
		};
		3B4C2FF9194849A400F06E46 /* SplitViewController */ = {
			isa = PBXGroup;
			children = (
				3B4C301219484BD300F06E46 /* Segues */,
				3B4C2FFC194849D400F06E46 /* FrontViewController.h */,
				3B4C2FFD194849D400F06E46 /* FrontViewController.m */,
				3B4C2FFF194849E400F06E46 /* BackViewController.h */,
				3B4C3000194849E400F06E46 /* BackViewController.m */,
				3B4C3002194849FA00F06E46 /* SplitViewController.h */,
				3B4C3003194849FA00F06E46 /* SplitViewController.m */,
			);
			name = SplitViewController;
			path = "Swing Local";
			sourceTree = "<group>";
		};
		3B4C300519484A0300F06E46 /* CustomSplitViewController */ = {
			isa = PBXGroup;
			children = (
				3B4C300619484A9500F06E46 /* SSFrontViewController.h */,
				3B4C300719484A9500F06E46 /* SSFrontViewController.m */,
				3B4C300819484A9500F06E46 /* SSBackViewController.h */,
				3B4C300919484A9500F06E46 /* SSBackViewController.m */,
			);
			name = CustomSplitViewController;
			sourceTree = "<group>";
		};
		3B4C301219484BD300F06E46 /* Segues */ = {
			isa = PBXGroup;
			children = (
				3B4C300C19484AF900F06E46 /* SplitControllerSegue.h */,
				3B4C300D19484AF900F06E46 /* SplitControllerSegue.m */,
				3B4C300F19484B3000F06E46 /* CustomSegue.h */,
				3B4C301019484B3000F06E46 /* CustomSegue.m */,
			);
			name = Segues;
			sourceTree = "<group>";
		};
		3B522D011948F9AD0014FF2B /* Controllers */ = {
			isa = PBXGroup;
			children = (
				3B522CFE1948F9A40014FF2B /* BaseViewController.h */,
				3B522CFF1948F9A40014FF2B /* BaseViewController.m */,
				D296ECDC194CD4850027E733 /* RootNavigationController.h */,
				D296ECDD194CD4850027E733 /* RootNavigationController.m */,
				3BD98E41194A54F0000EF668 /* View Controllers */,
				3B4C300519484A0300F06E46 /* CustomSplitViewController */,
			);
			name = Controllers;
			sourceTree = "<group>";
		};
		3B6FB6EE194C29A900D9B192 /* CollectionViews */ = {
			isa = PBXGroup;
			children = (
				D20EF0D2194C4AAA00A107DA /* BaseSectionCollectionView.h */,
				D20EF0D3194C4AAA00A107DA /* BaseSectionCollectionView.m */,
				3B6FB6EF194C30E000D9B192 /* MonthCollectionView.h */,
				3B6FB6F0194C30E000D9B192 /* MonthCollectionView.m */,
				3B765BAD194C3ABD0087872A /* MonthCollectionViewCell.h */,
				3B765BAE194C3ABD0087872A /* MonthCollectionViewCell.m */,
			);
			name = CollectionViews;
			sourceTree = "<group>";
		};
		3BA17D2F1946E5A600127DAD = {
			isa = PBXGroup;
			children = (
				3BA17D3A1946E5A600127DAD /* Swing Local */,
				3BA17D5E1946ECFF00127DAD /* MapKit.framework */,
				3BD98E50194B7A43000EF668 /* SSPagedView */,
				3B4C2FF9194849A400F06E46 /* SplitViewController */,
				3BA17D511946E5A600127DAD /* Swing LocalTests */,
				3BA17D391946E5A600127DAD /* Products */,
			);
			sourceTree = "<group>";
		};
		3BA17D391946E5A600127DAD /* Products */ = {
			isa = PBXGroup;
			children = (
				3BA17D381946E5A600127DAD /* Swing Local.app */,
				3BA17D4E1946E5A600127DAD /* Swing LocalTests.xctest */,
			);
			name = Products;
			sourceTree = "<group>";
		};
		3BA17D3A1946E5A600127DAD /* Swing Local */ = {
			isa = PBXGroup;
			children = (
				3B4C2FF819483B0E00F06E46 /* UI */,
				3B1C049719497E0F00211EFA /* Models */,
				3BDDAB16194BC2A200207B77 /* Categories */,
				3B1C049319497AB800211EFA /* View */,
				3B522D011948F9AD0014FF2B /* Controllers */,
				3BA17D3F1946E5A600127DAD /* AppDelegate.h */,
				3BA17D401946E5A600127DAD /* AppDelegate.m */,
				3BA17D3B1946E5A600127DAD /* Supporting Files */,
			);
			path = "Swing Local";
			sourceTree = "<group>";
		};
		3BA17D3B1946E5A600127DAD /* Supporting Files */ = {
			isa = PBXGroup;
			children = (
				3BF3FBBD194910930087E469 /* ios8Images.xcassets */,
				3BF3FB9E194910210087E469 /* Flat Designs */,
				3BF3FB5B19490DB60087E469 /* Icons */,
				3BA17D3C1946E5A600127DAD /* Info.plist */,
				3BA17D3D1946E5A600127DAD /* main.m */,
			);
			name = "Supporting Files";
			sourceTree = "<group>";
		};
		3BA17D511946E5A600127DAD /* Swing LocalTests */ = {
			isa = PBXGroup;
			children = (
				3BA17D541946E5A600127DAD /* Swing_LocalTests.m */,
				3BA17D521946E5A600127DAD /* Supporting Files */,
			);
			path = "Swing LocalTests";
			sourceTree = "<group>";
		};
		3BA17D521946E5A600127DAD /* Supporting Files */ = {
			isa = PBXGroup;
			children = (
				3BA17D531946E5A600127DAD /* Info.plist */,
			);
			name = "Supporting Files";
			sourceTree = "<group>";
		};
		3BD98E41194A54F0000EF668 /* View Controllers */ = {
			isa = PBXGroup;
			children = (
				3BD98E3E194A5333000EF668 /* HomeViewController.h */,
				3BD98E3F194A5333000EF668 /* HomeViewController.m */,
				3BD98E42194A5511000EF668 /* FavoritesViewController.h */,
				3BD98E43194A5511000EF668 /* FavoritesViewController.m */,
				3BD98E45194A5888000EF668 /* CalendarsViewController.h */,
				3BD98E46194A5888000EF668 /* CalendarsViewController.m */,
			);
			name = "View Controllers";
			sourceTree = "<group>";
		};
		3BD98E50194B7A43000EF668 /* SSPagedView */ = {
			isa = PBXGroup;
			children = (
				3BD98E4D194B7A3E000EF668 /* SSPagedView.h */,
				3BD98E4E194B7A3E000EF668 /* SSPagedView.m */,
			);
			name = SSPagedView;
			sourceTree = "<group>";
		};
		3BD98E51194B85AF000EF668 /* PagedView */ = {
			isa = PBXGroup;
			children = (
				3BD98E52194B85D1000EF668 /* PagedTitleView.h */,
				3BD98E53194B85D1000EF668 /* PagedTitleView.m */,
				3BD98E55194B85E3000EF668 /* PagedTitleView.xib */,
			);
			name = PagedView;
			sourceTree = "<group>";
		};
		3BDDAB16194BC2A200207B77 /* Categories */ = {
			isa = PBXGroup;
			children = (
				3BDDAB17194BC2D100207B77 /* UIColor+SwingLocal.h */,
				3BDDAB18194BC2D100207B77 /* UIColor+SwingLocal.m */,
				D231AC39194CE259009990C5 /* NSDate+SwingLocal.h */,
				D231AC3A194CE259009990C5 /* NSDate+SwingLocal.m */,
			);
			name = Categories;
			sourceTree = "<group>";
		};
		3BF3FB5B19490DB60087E469 /* Icons */ = {
			isa = PBXGroup;
			children = (
				3BF3FB9A19490EF10087E469 /* star-circle-7@2x.png */,
				3BF3FB9819490EEC0087E469 /* star-7@2x.png */,
				3BF3FB9419490ED90087E469 /* gear-multiple-7@2x.png */,
				3BF3FB9619490EE70087E469 /* spanner-screwdriver-7@2x.png */,
				3BF3FB9219490E1B0087E469 /* home-7@2x.png */,
				3BF3FB9C19490EFB0087E469 /* calendar-7@2x.png */,
				3BF3FB8D19490DD20087E469 /* downward-arrow-1.imageset */,
				3BF3FB5C19490DB60087E469 /* Arrow-left.imageset */,
				3BF3FB6019490DB60087E469 /* Arrow-right.imageset */,
				3BF3FB6419490DB60087E469 /* Downward-arrow.imageset */,
				3BF3FB6819490DB60087E469 /* Email-active.imageset */,
				3BF3FB6C19490DB60087E469 /* Email.imageset */,
				3BF3FB7019490DB60087E469 /* Lock.imageset */,
				3BF3FB7419490DB60087E469 /* Menu.imageset */,
			);
			path = Icons;
			sourceTree = "<group>";
		};
		3BF3FB5C19490DB60087E469 /* Arrow-left.imageset */ = {
			isa = PBXGroup;
			children = (
				3BF3FB5D19490DB60087E469 /* Contents.json */,
				3BF3FB5E19490DB60087E469 /* leftward-arrow.png */,
				3BF3FB5F19490DB60087E469 /* leftward-arrow@2x.png */,
			);
			path = "Arrow-left.imageset";
			sourceTree = "<group>";
		};
		3BF3FB6019490DB60087E469 /* Arrow-right.imageset */ = {
			isa = PBXGroup;
			children = (
				3BF3FB6119490DB60087E469 /* Contents.json */,
				3BF3FB6219490DB60087E469 /* rightward-arrow.png */,
				3BF3FB6319490DB60087E469 /* rightward-arrow@2x.png */,
			);
			path = "Arrow-right.imageset";
			sourceTree = "<group>";
		};
		3BF3FB6419490DB60087E469 /* Downward-arrow.imageset */ = {
			isa = PBXGroup;
			children = (
				3BF3FB6519490DB60087E469 /* Contents.json */,
				3BF3FB6619490DB60087E469 /* donward-arrow.png */,
				3BF3FB6719490DB60087E469 /* downward-arrow@2x.png */,
			);
			path = "Downward-arrow.imageset";
			sourceTree = "<group>";
		};
		3BF3FB6819490DB60087E469 /* Email-active.imageset */ = {
			isa = PBXGroup;
			children = (
				3BF3FB6919490DB60087E469 /* Contents.json */,
				3BF3FB6A19490DB60087E469 /* email-7-active.png */,
				3BF3FB6B19490DB60087E469 /* email-7-active@2x.png */,
			);
			path = "Email-active.imageset";
			sourceTree = "<group>";
		};
		3BF3FB6C19490DB60087E469 /* Email.imageset */ = {
			isa = PBXGroup;
			children = (
				3BF3FB6D19490DB60087E469 /* Contents.json */,
				3BF3FB6E19490DB60087E469 /* email.png */,
				3BF3FB6F19490DB60087E469 /* email@2x.png */,
			);
			path = Email.imageset;
			sourceTree = "<group>";
		};
		3BF3FB7019490DB60087E469 /* Lock.imageset */ = {
			isa = PBXGroup;
			children = (
				3BF3FB7119490DB60087E469 /* Contents.json */,
				3BF3FB7219490DB60087E469 /* lock.png */,
				3BF3FB7319490DB60087E469 /* lock@2x.png */,
			);
			path = Lock.imageset;
			sourceTree = "<group>";
		};
		3BF3FB7419490DB60087E469 /* Menu.imageset */ = {
			isa = PBXGroup;
			children = (
				3BF3FB7519490DB60087E469 /* Contents.json */,
				3BF3FB7619490DB60087E469 /* menu.png */,
				3BF3FB7719490DB60087E469 /* menu@2x.png */,
			);
			path = Menu.imageset;
			sourceTree = "<group>";
		};
		3BF3FB8D19490DD20087E469 /* downward-arrow-1.imageset */ = {
			isa = PBXGroup;
			children = (
				3BF3FB8E19490DD20087E469 /* Contents.json */,
				3BF3FB8F19490DD20087E469 /* downward-arrow@2x.png */,
			);
			path = "downward-arrow-1.imageset";
			sourceTree = "<group>";
		};
		3BF3FB9E194910210087E469 /* Flat Designs */ = {
			isa = PBXGroup;
			children = (
				3BD98E48194A6303000EF668 /* pin_flat.png */,
				3BF3FB9F194910570087E469 /* FLAT_LOGO-14-14 copy.imageset */,
				3BF3FBA2194910570087E469 /* FLAT_LOGO-14.imageset */,
				3BF3FBA5194910570087E469 /* MAP_FLAT_WHITE-04.imageset */,
				3BF3FBA8194910570087E469 /* map_flat.imageset */,
				3BF3FBAB194910570087E469 /* PIN_FLAT_WHITE-03.imageset */,
				3BF3FBAE194910570087E469 /* pin_flat.imageset */,
			);
			name = "Flat Designs";
			sourceTree = "<group>";
		};
		3BF3FB9F194910570087E469 /* FLAT_LOGO-14-14 copy.imageset */ = {
			isa = PBXGroup;
			children = (
				3BF3FBA0194910570087E469 /* Contents.json */,
				3BF3FBA1194910570087E469 /* FLAT_LOGO-14-14 copy.png */,
			);
			path = "FLAT_LOGO-14-14 copy.imageset";
			sourceTree = "<group>";
		};
		3BF3FBA2194910570087E469 /* FLAT_LOGO-14.imageset */ = {
			isa = PBXGroup;
			children = (
				3BF3FBA3194910570087E469 /* Contents.json */,
				3BF3FBA4194910570087E469 /* FLAT_LOGO-14.png */,
			);
			path = "FLAT_LOGO-14.imageset";
			sourceTree = "<group>";
		};
		3BF3FBA5194910570087E469 /* MAP_FLAT_WHITE-04.imageset */ = {
			isa = PBXGroup;
			children = (
				3BF3FBA6194910570087E469 /* Contents.json */,
				3BF3FBA7194910570087E469 /* MAP_FLAT_WHITE-04.png */,
			);
			path = "MAP_FLAT_WHITE-04.imageset";
			sourceTree = "<group>";
		};
		3BF3FBA8194910570087E469 /* map_flat.imageset */ = {
			isa = PBXGroup;
			children = (
				3BF3FBA9194910570087E469 /* Contents.json */,
				3BF3FBAA194910570087E469 /* map_flat.png */,
			);
			path = map_flat.imageset;
			sourceTree = "<group>";
		};
		3BF3FBAB194910570087E469 /* PIN_FLAT_WHITE-03.imageset */ = {
			isa = PBXGroup;
			children = (
				3BF3FBAC194910570087E469 /* Contents.json */,
				3BF3FBAD194910570087E469 /* PIN_FLAT_WHITE-03.png */,
			);
			path = "PIN_FLAT_WHITE-03.imageset";
			sourceTree = "<group>";
		};
		3BF3FBAE194910570087E469 /* pin_flat.imageset */ = {
			isa = PBXGroup;
			children = (
				3BF3FBAF194910570087E469 /* Contents.json */,
				3BF3FBB0194910570087E469 /* pin_flat.png */,
			);
			path = pin_flat.imageset;
			sourceTree = "<group>";
		};
/* End PBXGroup section */

/* Begin PBXNativeTarget section */
		3BA17D371946E5A600127DAD /* Swing Local */ = {
			isa = PBXNativeTarget;
			buildConfigurationList = 3BA17D581946E5A600127DAD /* Build configuration list for PBXNativeTarget "Swing Local" */;
			buildPhases = (
				3BA17D341946E5A600127DAD /* Sources */,
				3BA17D351946E5A600127DAD /* Frameworks */,
				3BA17D361946E5A600127DAD /* Resources */,
			);
			buildRules = (
			);
			dependencies = (
			);
			name = "Swing Local";
			productName = "Swing Local";
			productReference = 3BA17D381946E5A600127DAD /* Swing Local.app */;
			productType = "com.apple.product-type.application";
		};
		3BA17D4D1946E5A600127DAD /* Swing LocalTests */ = {
			isa = PBXNativeTarget;
			buildConfigurationList = 3BA17D5B1946E5A600127DAD /* Build configuration list for PBXNativeTarget "Swing LocalTests" */;
			buildPhases = (
				3BA17D4A1946E5A600127DAD /* Sources */,
				3BA17D4B1946E5A600127DAD /* Frameworks */,
				3BA17D4C1946E5A600127DAD /* Resources */,
			);
			buildRules = (
			);
			dependencies = (
				3BA17D501946E5A600127DAD /* PBXTargetDependency */,
			);
			name = "Swing LocalTests";
			productName = "Swing LocalTests";
			productReference = 3BA17D4E1946E5A600127DAD /* Swing LocalTests.xctest */;
			productType = "com.apple.product-type.bundle.unit-test";
		};
/* End PBXNativeTarget section */

/* Begin PBXProject section */
		3BA17D301946E5A600127DAD /* Project object */ = {
			isa = PBXProject;
			attributes = {
				LastUpgradeCheck = 0600;
				ORGANIZATIONNAME = "Steven Stevenson";
				TargetAttributes = {
					3BA17D371946E5A600127DAD = {
						CreatedOnToolsVersion = 6.0;
						DevelopmentTeam = 2S283D3328;
					};
					3BA17D4D1946E5A600127DAD = {
						CreatedOnToolsVersion = 6.0;
						TestTargetID = 3BA17D371946E5A600127DAD;
					};
				};
			};
			buildConfigurationList = 3BA17D331946E5A600127DAD /* Build configuration list for PBXProject "Swing Local" */;
			compatibilityVersion = "Xcode 3.2";
			developmentRegion = English;
			hasScannedForEncodings = 0;
			knownRegions = (
				en,
				Base,
			);
			mainGroup = 3BA17D2F1946E5A600127DAD;
			productRefGroup = 3BA17D391946E5A600127DAD /* Products */;
			projectDirPath = "";
			projectRoot = "";
			targets = (
				3BA17D371946E5A600127DAD /* Swing Local */,
				3BA17D4D1946E5A600127DAD /* Swing LocalTests */,
			);
		};
/* End PBXProject section */

/* Begin PBXResourcesBuildPhase section */
		3BA17D361946E5A600127DAD /* Resources */ = {
			isa = PBXResourcesBuildPhase;
			buildActionMask = 2147483647;
			files = (
				3BF3FB9919490EEC0087E469 /* star-7@2x.png in Resources */,
				3BF3FB9B19490EF10087E469 /* star-circle-7@2x.png in Resources */,
				3BF3FBB5194910570087E469 /* Contents.json in Resources */,
				3BF3FBB6194910570087E469 /* MAP_FLAT_WHITE-04.png in Resources */,
				3BF3FB7919490DB60087E469 /* leftward-arrow.png in Resources */,
				3BF3FB7819490DB60087E469 /* Contents.json in Resources */,
				3BF3FBBB194910570087E469 /* Contents.json in Resources */,
				3BF3FB8C19490DB60087E469 /* menu@2x.png in Resources */,
				3BF3FB8419490DB60087E469 /* Contents.json in Resources */,
				3BF3FB8219490DB60087E469 /* email-7-active.png in Resources */,
				3B4C2FF719479C9300F06E46 /* Main.storyboard in Resources */,
				3BF3FB8619490DB60087E469 /* email@2x.png in Resources */,
				3BF3FBB8194910570087E469 /* map_flat.png in Resources */,
				3BF3FB9019490DD20087E469 /* Contents.json in Resources */,
				3BF3FB7B19490DB60087E469 /* Contents.json in Resources */,
				3BF3FB7C19490DB60087E469 /* rightward-arrow.png in Resources */,
				3BF3FB9D19490EFB0087E469 /* calendar-7@2x.png in Resources */,
				3BF3FB8B19490DB60087E469 /* menu.png in Resources */,
				3BF3FB9119490DD20087E469 /* downward-arrow@2x.png in Resources */,
				3BF3FB8319490DB60087E469 /* email-7-active@2x.png in Resources */,
				3BF3FB8019490DB60087E469 /* downward-arrow@2x.png in Resources */,
				3BF3FBB7194910570087E469 /* Contents.json in Resources */,
				3BF3FB9519490ED90087E469 /* gear-multiple-7@2x.png in Resources */,
				3BF3FBBC194910570087E469 /* pin_flat.png in Resources */,
				3BF3FBBA194910570087E469 /* PIN_FLAT_WHITE-03.png in Resources */,
				3BF3FB7F19490DB60087E469 /* donward-arrow.png in Resources */,
				3BF3FBB4194910570087E469 /* FLAT_LOGO-14.png in Resources */,
				3BF3FBBE194910930087E469 /* ios8Images.xcassets in Resources */,
				3BF3FBB3194910570087E469 /* Contents.json in Resources */,
				3BF3FBB1194910570087E469 /* Contents.json in Resources */,
				3BD98E56194B85E3000EF668 /* PagedTitleView.xib in Resources */,
				3BF3FBB9194910570087E469 /* Contents.json in Resources */,
				3BF3FB8919490DB60087E469 /* lock@2x.png in Resources */,
				3BD98E49194A6303000EF668 /* pin_flat.png in Resources */,
				3BF3FB7A19490DB60087E469 /* leftward-arrow@2x.png in Resources */,
				3BF3FB9319490E1B0087E469 /* home-7@2x.png in Resources */,
				3BF3FBB2194910570087E469 /* FLAT_LOGO-14-14 copy.png in Resources */,
				3BF3FB9719490EE70087E469 /* spanner-screwdriver-7@2x.png in Resources */,
				3BF3FB8719490DB60087E469 /* Contents.json in Resources */,
				3BF3FB8A19490DB60087E469 /* Contents.json in Resources */,
				3BF3FB8519490DB60087E469 /* email.png in Resources */,
				3BF3FB7E19490DB60087E469 /* Contents.json in Resources */,
				3BF3FB7D19490DB60087E469 /* rightward-arrow@2x.png in Resources */,
				3BF3FB8119490DB60087E469 /* Contents.json in Resources */,
				3BF3FB8819490DB60087E469 /* lock.png in Resources */,
			);
			runOnlyForDeploymentPostprocessing = 0;
		};
		3BA17D4C1946E5A600127DAD /* Resources */ = {
			isa = PBXResourcesBuildPhase;
			buildActionMask = 2147483647;
			files = (
			);
			runOnlyForDeploymentPostprocessing = 0;
		};
/* End PBXResourcesBuildPhase section */

/* Begin PBXSourcesBuildPhase section */
		3BA17D341946E5A600127DAD /* Sources */ = {
			isa = PBXSourcesBuildPhase;
			buildActionMask = 2147483647;
			files = (
				3B4C300E19484AF900F06E46 /* SplitControllerSegue.m in Sources */,
				3B4C2FFE194849D400F06E46 /* FrontViewController.m in Sources */,
				3BD98E47194A5888000EF668 /* CalendarsViewController.m in Sources */,
				3BD98E4F194B7A3E000EF668 /* SSPagedView.m in Sources */,
				3BD98E3A194A40E1000EF668 /* ContentTableView.m in Sources */,
				D20EF0D4194C4AAA00A107DA /* BaseSectionCollectionView.m in Sources */,
				3B4C3004194849FA00F06E46 /* SplitViewController.m in Sources */,
				3B167EBB194B8FAC009D8E6E /* MapManager.m in Sources */,
				3BD98E3D194A4719000EF668 /* HeaderWithDynamicTableView.m in Sources */,
				D231AC3B194CE259009990C5 /* NSDate+SwingLocal.m in Sources */,
				3B1C049D19498C6800211EFA /* CurrentCityMapTableView.m in Sources */,
				3B1C049A19497E3000211EFA /* ContentSection.m in Sources */,
				3BDDAB19194BC2D100207B77 /* UIColor+SwingLocal.m in Sources */,
				3B522D001948F9A40014FF2B /* BaseViewController.m in Sources */,
				3BD98E40194A5333000EF668 /* HomeViewController.m in Sources */,
				3BD98E54194B85D1000EF668 /* PagedTitleView.m in Sources */,
				3BD98E4C194A666F000EF668 /* BackgroundTriggerCellTableViewCell.m in Sources */,
				3BD98E37194A3CBB000EF668 /* BaseSectionTableView.m in Sources */,
				3B4C301119484B3000F06E46 /* CustomSegue.m in Sources */,
				3B1C049619497AE300211EFA /* ContentTableCell.m in Sources */,
				3B4C3001194849E400F06E46 /* BackViewController.m in Sources */,
				3B765BAF194C3ABD0087872A /* MonthCollectionViewCell.m in Sources */,
				3BA17D411946E5A600127DAD /* AppDelegate.m in Sources */,
				3B6FB6F1194C30E000D9B192 /* MonthCollectionView.m in Sources */,
				3BD98E44194A5511000EF668 /* FavoritesViewController.m in Sources */,
				3BA17D3E1946E5A600127DAD /* main.m in Sources */,
				3B4C300A19484A9500F06E46 /* SSFrontViewController.m in Sources */,
				3B4C300B19484A9500F06E46 /* SSBackViewController.m in Sources */,
				D296ECDE194CD4850027E733 /* RootNavigationController.m in Sources */,
			);
			runOnlyForDeploymentPostprocessing = 0;
		};
		3BA17D4A1946E5A600127DAD /* Sources */ = {
			isa = PBXSourcesBuildPhase;
			buildActionMask = 2147483647;
			files = (
				3BA17D551946E5A600127DAD /* Swing_LocalTests.m in Sources */,
			);
			runOnlyForDeploymentPostprocessing = 0;
		};
/* End PBXSourcesBuildPhase section */

/* Begin PBXTargetDependency section */
		3BA17D501946E5A600127DAD /* PBXTargetDependency */ = {
			isa = PBXTargetDependency;
			target = 3BA17D371946E5A600127DAD /* Swing Local */;
			targetProxy = 3BA17D4F1946E5A600127DAD /* PBXContainerItemProxy */;
		};
/* End PBXTargetDependency section */

/* Begin PBXVariantGroup section */
		3B4C2FF519479C9300F06E46 /* Main.storyboard */ = {
			isa = PBXVariantGroup;
			children = (
				3B4C2FF619479C9300F06E46 /* Base */,
			);
			name = Main.storyboard;
			sourceTree = "<group>";
		};
/* End PBXVariantGroup section */

/* Begin XCBuildConfiguration section */
		3BA17D561946E5A600127DAD /* Debug */ = {
			isa = XCBuildConfiguration;
			buildSettings = {
				ALWAYS_SEARCH_USER_PATHS = NO;
				CLANG_CXX_LANGUAGE_STANDARD = "gnu++0x";
				CLANG_CXX_LIBRARY = "libc++";
				CLANG_ENABLE_MODULES = YES;
				CLANG_ENABLE_OBJC_ARC = YES;
				CLANG_WARN_BOOL_CONVERSION = YES;
				CLANG_WARN_CONSTANT_CONVERSION = YES;
				CLANG_WARN_DIRECT_OBJC_ISA_USAGE = YES_ERROR;
				CLANG_WARN_EMPTY_BODY = YES;
				CLANG_WARN_ENUM_CONVERSION = YES;
				CLANG_WARN_INT_CONVERSION = YES;
				CLANG_WARN_OBJC_ROOT_CLASS = YES_ERROR;
				CLANG_WARN_UNREACHABLE_CODE = YES;
				CLANG_WARN__DUPLICATE_METHOD_MATCH = YES;
				"CODE_SIGN_IDENTITY[sdk=iphoneos*]" = "iPhone Developer";
				COPY_PHASE_STRIP = NO;
				ENABLE_STRICT_OBJC_MSGSEND = YES;
				GCC_C_LANGUAGE_STANDARD = gnu99;
				GCC_DYNAMIC_NO_PIC = NO;
				GCC_OPTIMIZATION_LEVEL = 0;
				GCC_PREPROCESSOR_DEFINITIONS = (
					"DEBUG=1",
					"$(inherited)",
				);
				GCC_SYMBOLS_PRIVATE_EXTERN = NO;
				GCC_WARN_64_TO_32_BIT_CONVERSION = YES;
				GCC_WARN_ABOUT_RETURN_TYPE = YES_ERROR;
				GCC_WARN_UNDECLARED_SELECTOR = YES;
				GCC_WARN_UNINITIALIZED_AUTOS = YES_AGGRESSIVE;
				GCC_WARN_UNUSED_FUNCTION = YES;
				GCC_WARN_UNUSED_VARIABLE = YES;
				IPHONEOS_DEPLOYMENT_TARGET = 8.0;
				METAL_ENABLE_DEBUG_INFO = YES;
				ONLY_ACTIVE_ARCH = YES;
				PROVISIONING_PROFILE = "2DEF7845-CD7A-4EFD-9AF0-E8D87C2543B8";
				SDKROOT = iphoneos;
			};
			name = Debug;
		};
		3BA17D571946E5A600127DAD /* Release */ = {
			isa = XCBuildConfiguration;
			buildSettings = {
				ALWAYS_SEARCH_USER_PATHS = NO;
				CLANG_CXX_LANGUAGE_STANDARD = "gnu++0x";
				CLANG_CXX_LIBRARY = "libc++";
				CLANG_ENABLE_MODULES = YES;
				CLANG_ENABLE_OBJC_ARC = YES;
				CLANG_WARN_BOOL_CONVERSION = YES;
				CLANG_WARN_CONSTANT_CONVERSION = YES;
				CLANG_WARN_DIRECT_OBJC_ISA_USAGE = YES_ERROR;
				CLANG_WARN_EMPTY_BODY = YES;
				CLANG_WARN_ENUM_CONVERSION = YES;
				CLANG_WARN_INT_CONVERSION = YES;
				CLANG_WARN_OBJC_ROOT_CLASS = YES_ERROR;
				CLANG_WARN_UNREACHABLE_CODE = YES;
				CLANG_WARN__DUPLICATE_METHOD_MATCH = YES;
				"CODE_SIGN_IDENTITY[sdk=iphoneos*]" = "iPhone Developer";
				COPY_PHASE_STRIP = YES;
				ENABLE_NS_ASSERTIONS = NO;
				ENABLE_STRICT_OBJC_MSGSEND = YES;
				GCC_C_LANGUAGE_STANDARD = gnu99;
				GCC_WARN_64_TO_32_BIT_CONVERSION = YES;
				GCC_WARN_ABOUT_RETURN_TYPE = YES_ERROR;
				GCC_WARN_UNDECLARED_SELECTOR = YES;
				GCC_WARN_UNINITIALIZED_AUTOS = YES_AGGRESSIVE;
				GCC_WARN_UNUSED_FUNCTION = YES;
				GCC_WARN_UNUSED_VARIABLE = YES;
				IPHONEOS_DEPLOYMENT_TARGET = 8.0;
				METAL_ENABLE_DEBUG_INFO = NO;
				PROVISIONING_PROFILE = "2DEF7845-CD7A-4EFD-9AF0-E8D87C2543B8";
				SDKROOT = iphoneos;
				VALIDATE_PRODUCT = YES;
			};
			name = Release;
		};
		3BA17D591946E5A600127DAD /* Debug */ = {
			isa = XCBuildConfiguration;
			buildSettings = {
				ASSETCATALOG_COMPILER_APPICON_NAME = AppIcon;
				ASSETCATALOG_COMPILER_LAUNCHIMAGE_NAME = LaunchImage;
				CLANG_ENABLE_MODULES = YES;
				CODE_SIGN_IDENTITY = "iPhone Developer";
				"CODE_SIGN_IDENTITY[sdk=iphoneos*]" = "iPhone Developer";
				INFOPLIST_FILE = "Swing Local/Info.plist";
				IPHONEOS_DEPLOYMENT_TARGET = 7.1;
				LD_RUNPATH_SEARCH_PATHS = "$(inherited) @executable_path/Frameworks";
				PRODUCT_NAME = "$(TARGET_NAME)";
				PROVISIONING_PROFILE = "";
				SDKROOT = iphoneos7.1;
				SWIFT_OPTIMIZATION_LEVEL = "-Onone";
				TARGETED_DEVICE_FAMILY = "1,2";
				VALID_ARCHS = "armv7 armv7s arm64";
			};
			name = Debug;
		};
		3BA17D5A1946E5A600127DAD /* Release */ = {
			isa = XCBuildConfiguration;
			buildSettings = {
				ASSETCATALOG_COMPILER_APPICON_NAME = AppIcon;
				ASSETCATALOG_COMPILER_LAUNCHIMAGE_NAME = LaunchImage;
				CLANG_ENABLE_MODULES = YES;
				CODE_SIGN_IDENTITY = "iPhone Developer";
				"CODE_SIGN_IDENTITY[sdk=iphoneos*]" = "iPhone Developer";
				INFOPLIST_FILE = "Swing Local/Info.plist";
				IPHONEOS_DEPLOYMENT_TARGET = 7.1;
				LD_RUNPATH_SEARCH_PATHS = "$(inherited) @executable_path/Frameworks";
				PRODUCT_NAME = "$(TARGET_NAME)";
				PROVISIONING_PROFILE = "";
				SDKROOT = iphoneos7.1;
				TARGETED_DEVICE_FAMILY = "1,2";
				VALID_ARCHS = "armv7 armv7s arm64";
			};
			name = Release;
		};
		3BA17D5C1946E5A600127DAD /* Debug */ = {
			isa = XCBuildConfiguration;
			buildSettings = {
				BUNDLE_LOADER = "$(BUILT_PRODUCTS_DIR)/Swing Local.app/Swing Local";
				FRAMEWORK_SEARCH_PATHS = (
					"$(SDKROOT)/Developer/Library/Frameworks",
					"$(inherited)",
				);
				GCC_PREPROCESSOR_DEFINITIONS = (
					"DEBUG=1",
					"$(inherited)",
				);
				INFOPLIST_FILE = "Swing LocalTests/Info.plist";
				LD_RUNPATH_SEARCH_PATHS = "$(inherited) @executable_path/Frameworks @loader_path/Frameworks";
				METAL_ENABLE_DEBUG_INFO = YES;
				PRODUCT_NAME = "$(TARGET_NAME)";
				TEST_HOST = "$(BUNDLE_LOADER)";
			};
			name = Debug;
		};
		3BA17D5D1946E5A600127DAD /* Release */ = {
			isa = XCBuildConfiguration;
			buildSettings = {
				BUNDLE_LOADER = "$(BUILT_PRODUCTS_DIR)/Swing Local.app/Swing Local";
				FRAMEWORK_SEARCH_PATHS = (
					"$(SDKROOT)/Developer/Library/Frameworks",
					"$(inherited)",
				);
				INFOPLIST_FILE = "Swing LocalTests/Info.plist";
				LD_RUNPATH_SEARCH_PATHS = "$(inherited) @executable_path/Frameworks @loader_path/Frameworks";
				METAL_ENABLE_DEBUG_INFO = NO;
				PRODUCT_NAME = "$(TARGET_NAME)";
				TEST_HOST = "$(BUNDLE_LOADER)";
			};
			name = Release;
		};
/* End XCBuildConfiguration section */

/* Begin XCConfigurationList section */
		3BA17D331946E5A600127DAD /* Build configuration list for PBXProject "Swing Local" */ = {
			isa = XCConfigurationList;
			buildConfigurations = (
				3BA17D561946E5A600127DAD /* Debug */,
				3BA17D571946E5A600127DAD /* Release */,
			);
			defaultConfigurationIsVisible = 0;
			defaultConfigurationName = Release;
		};
		3BA17D581946E5A600127DAD /* Build configuration list for PBXNativeTarget "Swing Local" */ = {
			isa = XCConfigurationList;
			buildConfigurations = (
				3BA17D591946E5A600127DAD /* Debug */,
				3BA17D5A1946E5A600127DAD /* Release */,
			);
			defaultConfigurationIsVisible = 0;
			defaultConfigurationName = Release;
		};
		3BA17D5B1946E5A600127DAD /* Build configuration list for PBXNativeTarget "Swing LocalTests" */ = {
			isa = XCConfigurationList;
			buildConfigurations = (
				3BA17D5C1946E5A600127DAD /* Debug */,
				3BA17D5D1946E5A600127DAD /* Release */,
			);
			defaultConfigurationIsVisible = 0;
			defaultConfigurationName = Release;
		};
/* End XCConfigurationList section */
	};
	rootObject = 3BA17D301946E5A600127DAD /* Project object */;
}
